// !$*UTF8*$!
{
	archiveVersion = 1;
	classes = {
	};
	objectVersion = 77;
	objects = {

/* Begin PBXBuildFile section */
		02326F472F3904E300AE3028 /* HomepageViewModel.swift in Sources */ = {isa = PBXBuildFile; fileRef = 02326F462F3904E300AE3028 /* HomepageViewModel.swift */; };
		0237F0DA2F30D8CB00613B89 /* Assets.xcassets in Resources */ = {isa = PBXBuildFile; fileRef = 0237F0D62F30D8CB00613B89 /* Assets.xcassets */; };
		0237F0DB2F30D8CB00613B89 /* APIError.swift in Sources */ = {isa = PBXBuildFile; fileRef = 0237F0C52F30D8CB00613B89 /* APIError.swift */; };
		0237F0DC2F30D8CB00613B89 /* APIService.swift in Sources */ = {isa = PBXBuildFile; fileRef = 0237F0C62F30D8CB00613B89 /* APIService.swift */; };
		0237F0DD2F30D8CB00613B89 /* HTTPMethod.swift in Sources */ = {isa = PBXBuildFile; fileRef = 0237F0C72F30D8CB00613B89 /* HTTPMethod.swift */; };
		0237F0DE2F30D8CB00613B89 /* NetworkMonitor.swift in Sources */ = {isa = PBXBuildFile; fileRef = 0237F0C82F30D8CB00613B89 /* NetworkMonitor.swift */; };
		0237F0DF2F30D8CB00613B89 /* AuthService.swift in Sources */ = {isa = PBXBuildFile; fileRef = 0237F0CA2F30D8CB00613B89 /* AuthService.swift */; };
		0237F0E02F30D8CB00613B89 /* KeychainService.swift in Sources */ = {isa = PBXBuildFile; fileRef = 0237F0CB2F30D8CB00613B89 /* KeychainService.swift */; };
		0237F0E32F30D8CB00613B89 /* DisconnectedView.swift in Sources */ = {isa = PBXBuildFile; fileRef = 0237F0D12F30D8CB00613B89 /* DisconnectedView.swift */; };
		0237F0E42F30D8CB00613B89 /* ContentView.swift in Sources */ = {isa = PBXBuildFile; fileRef = 0237F0D72F30D8CB00613B89 /* ContentView.swift */; };
		0237F0E52F30D8CB00613B89 /* CooklyApp.swift in Sources */ = {isa = PBXBuildFile; fileRef = 0237F0D82F30D8CB00613B89 /* CooklyApp.swift */; };
		0237F1072F310CBF00613B89 /* ErrorView.swift in Sources */ = {isa = PBXBuildFile; fileRef = 0237F1062F310CBF00613B89 /* ErrorView.swift */; };
		0298C5F82F3512BB00442074 /* APICommomCalls.swift in Sources */ = {isa = PBXBuildFile; fileRef = 0298C5F72F3512BB00442074 /* APICommomCalls.swift */; };
		0298C6712F353AF300442074 /* ExpandableText.swift in Sources */ = {isa = PBXBuildFile; fileRef = 0298C6702F353AF300442074 /* ExpandableText.swift */; };
/* End PBXBuildFile section */

/* Begin PBXContainerItemProxy section */
		02884EC62F32329900977A00 /* PBXContainerItemProxy */ = {
			isa = PBXContainerItemProxy;
			containerPortal = 02BC10FA2F2FC3A600CE2E2F /* Project object */;
			proxyType = 1;
			remoteGlobalIDString = 02BC11012F2FC3A600CE2E2F;
			remoteInfo = Cookly;
		};
/* End PBXContainerItemProxy section */

/* Begin PBXFileReference section */
		02326F462F3904E300AE3028 /* HomepageViewModel.swift */ = {isa = PBXFileReference; lastKnownFileType = sourcecode.swift; path = HomepageViewModel.swift; sourceTree = "<group>"; };
		0237F0C52F30D8CB00613B89 /* APIError.swift */ = {isa = PBXFileReference; lastKnownFileType = sourcecode.swift; path = APIError.swift; sourceTree = "<group>"; };
		0237F0C62F30D8CB00613B89 /* APIService.swift */ = {isa = PBXFileReference; lastKnownFileType = sourcecode.swift; path = APIService.swift; sourceTree = "<group>"; };
		0237F0C72F30D8CB00613B89 /* HTTPMethod.swift */ = {isa = PBXFileReference; lastKnownFileType = sourcecode.swift; path = HTTPMethod.swift; sourceTree = "<group>"; };
		0237F0C82F30D8CB00613B89 /* NetworkMonitor.swift */ = {isa = PBXFileReference; lastKnownFileType = sourcecode.swift; path = NetworkMonitor.swift; sourceTree = "<group>"; };
		0237F0CA2F30D8CB00613B89 /* AuthService.swift */ = {isa = PBXFileReference; lastKnownFileType = sourcecode.swift; path = AuthService.swift; sourceTree = "<group>"; };
		0237F0CB2F30D8CB00613B89 /* KeychainService.swift */ = {isa = PBXFileReference; lastKnownFileType = sourcecode.swift; path = KeychainService.swift; sourceTree = "<group>"; };
		0237F0D12F30D8CB00613B89 /* DisconnectedView.swift */ = {isa = PBXFileReference; lastKnownFileType = sourcecode.swift; path = DisconnectedView.swift; sourceTree = "<group>"; };
		0237F0D62F30D8CB00613B89 /* Assets.xcassets */ = {isa = PBXFileReference; lastKnownFileType = folder.assetcatalog; path = Assets.xcassets; sourceTree = "<group>"; };
		0237F0D72F30D8CB00613B89 /* ContentView.swift */ = {isa = PBXFileReference; lastKnownFileType = sourcecode.swift; path = ContentView.swift; sourceTree = "<group>"; };
		0237F0D82F30D8CB00613B89 /* CooklyApp.swift */ = {isa = PBXFileReference; lastKnownFileType = sourcecode.swift; path = CooklyApp.swift; sourceTree = "<group>"; };
		0237F1062F310CBF00613B89 /* ErrorView.swift */ = {isa = PBXFileReference; lastKnownFileType = sourcecode.swift; path = ErrorView.swift; sourceTree = "<group>"; };
		02884EC22F32329900977A00 /* CooklyTests.xctest */ = {isa = PBXFileReference; explicitFileType = wrapper.cfbundle; includeInIndex = 0; path = CooklyTests.xctest; sourceTree = BUILT_PRODUCTS_DIR; };
		0298C5F72F3512BB00442074 /* APICommomCalls.swift */ = {isa = PBXFileReference; lastKnownFileType = sourcecode.swift; path = APICommomCalls.swift; sourceTree = "<group>"; };
		0298C6702F353AF300442074 /* ExpandableText.swift */ = {isa = PBXFileReference; lastKnownFileType = sourcecode.swift; path = ExpandableText.swift; sourceTree = "<group>"; };
		02BC11022F2FC3A600CE2E2F /* Cookly.app */ = {isa = PBXFileReference; explicitFileType = wrapper.application; includeInIndex = 0; path = Cookly.app; sourceTree = BUILT_PRODUCTS_DIR; };
/* End PBXFileReference section */

/* Begin PBXFileSystemSynchronizedBuildFileExceptionSet section */
		02884ED12F3236AC00977A00 /* Exceptions for "Response" folder in "CooklyTests" target */ = {
			isa = PBXFileSystemSynchronizedBuildFileExceptionSet;
			membershipExceptions = (
				EmptyResponse.swift,
			);
			target = 02884EC12F32329900977A00 /* CooklyTests */;
		};
/* End PBXFileSystemSynchronizedBuildFileExceptionSet section */

/* Begin PBXFileSystemSynchronizedRootGroup section */
		0237F0EE2F30E1F800613B89 /* HomePage */ = {
			isa = PBXFileSystemSynchronizedRootGroup;
			path = HomePage;
			sourceTree = "<group>";
		};
		0237F0EF2F30E20700613B89 /* Authentication */ = {
			isa = PBXFileSystemSynchronizedRootGroup;
			path = Authentication;
			sourceTree = "<group>";
		};
		0237F0F02F30E68C00613B89 /* Utils */ = {
			isa = PBXFileSystemSynchronizedRootGroup;
			path = Utils;
			sourceTree = "<group>";
		};
		0237F1002F310A4A00613B89 /* Authentication */ = {
			isa = PBXFileSystemSynchronizedRootGroup;
			path = Authentication;
			sourceTree = "<group>";
		};
		0237F1032F310BE700613B89 /* ErrorHandling */ = {
			isa = PBXFileSystemSynchronizedRootGroup;
			path = ErrorHandling;
			sourceTree = "<group>";
		};
		0237F1082F310EEF00613B89 /* Forms */ = {
			isa = PBXFileSystemSynchronizedRootGroup;
			path = Forms;
			sourceTree = "<group>";
		};
		025C31372F37EF7F008509DC /* Post */ = {
			isa = PBXFileSystemSynchronizedRootGroup;
			path = Post;
			sourceTree = "<group>";
		};
		02884EB32F32269C00977A00 /* Request */ = {
			isa = PBXFileSystemSynchronizedRootGroup;
			path = Request;
			sourceTree = "<group>";
		};
		02884EB42F3226A300977A00 /* Response */ = {
			isa = PBXFileSystemSynchronizedRootGroup;
			exceptions = (
				02884ED12F3236AC00977A00 /* Exceptions for "Response" folder in "CooklyTests" target */,
			);
			path = Response;
			sourceTree = "<group>";
		};
		02884EC32F32329900977A00 /* CooklyTests */ = {
			isa = PBXFileSystemSynchronizedRootGroup;
			path = CooklyTests;
			sourceTree = "<group>";
		};
		0298C5682F34FA4400442074 /* Objects */ = {
			isa = PBXFileSystemSynchronizedRootGroup;
			path = Objects;
			sourceTree = "<group>";
		};
		0298C5F22F350F6500442074 /* Post */ = {
			isa = PBXFileSystemSynchronizedRootGroup;
			path = Post;
			sourceTree = "<group>";
		};
		0298C5F32F350F7700442074 /* Profile */ = {
			isa = PBXFileSystemSynchronizedRootGroup;
			path = Profile;
			sourceTree = "<group>";
		};
		0298C5F92F35147100442074 /* Post */ = {
			isa = PBXFileSystemSynchronizedRootGroup;
			path = Post;
			sourceTree = "<group>";
		};
		0298C5FF2F3522AC00442074 /* TestingUtils */ = {
			isa = PBXFileSystemSynchronizedRootGroup;
			path = TestingUtils;
			sourceTree = "<group>";
		};
/* End PBXFileSystemSynchronizedRootGroup section */

/* Begin PBXFrameworksBuildPhase section */
		02884EBF2F32329900977A00 /* Frameworks */ = {
			isa = PBXFrameworksBuildPhase;
			buildActionMask = 2147483647;
			files = (
			);
			runOnlyForDeploymentPostprocessing = 0;
		};
		02BC10FF2F2FC3A600CE2E2F /* Frameworks */ = {
			isa = PBXFrameworksBuildPhase;
			buildActionMask = 2147483647;
			files = (
			);
			runOnlyForDeploymentPostprocessing = 0;
		};
/* End PBXFrameworksBuildPhase section */

/* Begin PBXGroup section */
		02326F452F3904D600AE3028 /* Homepage */ = {
			isa = PBXGroup;
			children = (
				02326F462F3904E300AE3028 /* HomepageViewModel.swift */,
			);
			path = Homepage;
			sourceTree = "<group>";
		};
		0237F0C92F30D8CB00613B89 /* network */ = {
			isa = PBXGroup;
			children = (
				0237F0C52F30D8CB00613B89 /* APIError.swift */,
				0237F0C62F30D8CB00613B89 /* APIService.swift */,
				0237F0C72F30D8CB00613B89 /* HTTPMethod.swift */,
				0237F0C82F30D8CB00613B89 /* NetworkMonitor.swift */,
				0298C5F72F3512BB00442074 /* APICommomCalls.swift */,
			);
			path = network;
			sourceTree = "<group>";
		};
		0237F0CC2F30D8CB00613B89 /* security */ = {
			isa = PBXGroup;
			children = (
				0237F0CA2F30D8CB00613B89 /* AuthService.swift */,
				0237F0CB2F30D8CB00613B89 /* KeychainService.swift */,
			);
			path = security;
			sourceTree = "<group>";
		};
		0237F0CD2F30D8CB00613B89 /* commom */ = {
			isa = PBXGroup;
			children = (
				0298C5FF2F3522AC00442074 /* TestingUtils */,
				0237F1032F310BE700613B89 /* ErrorHandling */,
				0237F0F02F30E68C00613B89 /* Utils */,
				0237F0C92F30D8CB00613B89 /* network */,
				0237F0CC2F30D8CB00613B89 /* security */,
			);
			path = commom;
			sourceTree = "<group>";
		};
		0237F0D02F30D8CB00613B89 /* Model */ = {
			isa = PBXGroup;
			children = (
				0298C5682F34FA4400442074 /* Objects */,
				02884EB42F3226A300977A00 /* Response */,
				02884EB32F32269C00977A00 /* Request */,
			);
			path = Model;
			sourceTree = "<group>";
		};
		0237F0D22F30D8CB00613B89 /* Network */ = {
			isa = PBXGroup;
			children = (
				0237F0D12F30D8CB00613B89 /* DisconnectedView.swift */,
			);
			path = Network;
			sourceTree = "<group>";
		};
		0237F0D32F30D8CB00613B89 /* Util */ = {
			isa = PBXGroup;
			children = (
				025C31372F37EF7F008509DC /* Post */,
				0298C5F32F350F7700442074 /* Profile */,
				0237F1082F310EEF00613B89 /* Forms */,
				0237F0D22F30D8CB00613B89 /* Network */,
				0237F1062F310CBF00613B89 /* ErrorView.swift */,
				0298C6702F353AF300442074 /* ExpandableText.swift */,
			);
			path = Util;
			sourceTree = "<group>";
		};
		0237F0D42F30D8CB00613B89 /* View */ = {
			isa = PBXGroup;
			children = (
				0298C5F22F350F6500442074 /* Post */,
				0237F0EF2F30E20700613B89 /* Authentication */,
				0237F0EE2F30E1F800613B89 /* HomePage */,
				0237F0D32F30D8CB00613B89 /* Util */,
			);
			path = View;
			sourceTree = "<group>";
		};
		0237F0D52F30D8CB00613B89 /* ViewModel */ = {
			isa = PBXGroup;
			children = (
				02326F452F3904D600AE3028 /* Homepage */,
				0298C5F92F35147100442074 /* Post */,
				0237F1002F310A4A00613B89 /* Authentication */,
			);
			path = ViewModel;
			sourceTree = "<group>";
		};
		0237F0D92F30D8CB00613B89 /* src */ = {
			isa = PBXGroup;
			children = (
				0237F0CD2F30D8CB00613B89 /* commom */,
				0237F0D02F30D8CB00613B89 /* Model */,
				0237F0D42F30D8CB00613B89 /* View */,
				0237F0D52F30D8CB00613B89 /* ViewModel */,
				0237F0D62F30D8CB00613B89 /* Assets.xcassets */,
				0237F0D72F30D8CB00613B89 /* ContentView.swift */,
				0237F0D82F30D8CB00613B89 /* CooklyApp.swift */,
			);
			path = src;
			sourceTree = "<group>";
		};
		02BC10F92F2FC3A600CE2E2F = {
			isa = PBXGroup;
			children = (
				0237F0D92F30D8CB00613B89 /* src */,
				02884EC32F32329900977A00 /* CooklyTests */,
				02BC11032F2FC3A600CE2E2F /* Products */,
			);
			sourceTree = "<group>";
		};
		02BC11032F2FC3A600CE2E2F /* Products */ = {
			isa = PBXGroup;
			children = (
				02BC11022F2FC3A600CE2E2F /* Cookly.app */,
				02884EC22F32329900977A00 /* CooklyTests.xctest */,
			);
			name = Products;
			sourceTree = "<group>";
		};
/* End PBXGroup section */

/* Begin PBXNativeTarget section */
		02884EC12F32329900977A00 /* CooklyTests */ = {
			isa = PBXNativeTarget;
			buildConfigurationList = 02884EC82F32329900977A00 /* Build configuration list for PBXNativeTarget "CooklyTests" */;
			buildPhases = (
				02884EBE2F32329900977A00 /* Sources */,
				02884EBF2F32329900977A00 /* Frameworks */,
				02884EC02F32329900977A00 /* Resources */,
			);
			buildRules = (
			);
			dependencies = (
				02884EC72F32329900977A00 /* PBXTargetDependency */,
			);
			fileSystemSynchronizedGroups = (
				02884EC32F32329900977A00 /* CooklyTests */,
			);
			name = CooklyTests;
			packageProductDependencies = (
			);
			productName = CooklyTests;
			productReference = 02884EC22F32329900977A00 /* CooklyTests.xctest */;
			productType = "com.apple.product-type.bundle.unit-test";
		};
		02BC11012F2FC3A600CE2E2F /* Cookly */ = {
			isa = PBXNativeTarget;
			buildConfigurationList = 02BC11252F2FC3A800CE2E2F /* Build configuration list for PBXNativeTarget "Cookly" */;
			buildPhases = (
				02BC10FE2F2FC3A600CE2E2F /* Sources */,
				02BC10FF2F2FC3A600CE2E2F /* Frameworks */,
				02BC11002F2FC3A600CE2E2F /* Resources */,
			);
			buildRules = (
			);
			dependencies = (
			);
			fileSystemSynchronizedGroups = (
				0237F0EE2F30E1F800613B89 /* HomePage */,
				0237F0EF2F30E20700613B89 /* Authentication */,
				0237F0F02F30E68C00613B89 /* Utils */,
				0237F1002F310A4A00613B89 /* Authentication */,
				0237F1032F310BE700613B89 /* ErrorHandling */,
				0237F1082F310EEF00613B89 /* Forms */,
				025C31372F37EF7F008509DC /* Post */,
				02884EB32F32269C00977A00 /* Request */,
				02884EB42F3226A300977A00 /* Response */,
				0298C5682F34FA4400442074 /* Objects */,
				0298C5F22F350F6500442074 /* Post */,
				0298C5F32F350F7700442074 /* Profile */,
				0298C5F92F35147100442074 /* Post */,
				0298C5FF2F3522AC00442074 /* TestingUtils */,
			);
			name = Cookly;
			packageProductDependencies = (
			);
			productName = Cookly;
			productReference = 02BC11022F2FC3A600CE2E2F /* Cookly.app */;
			productType = "com.apple.product-type.application";
		};
/* End PBXNativeTarget section */

/* Begin PBXProject section */
		02BC10FA2F2FC3A600CE2E2F /* Project object */ = {
			isa = PBXProject;
			attributes = {
				BuildIndependentTargetsInParallel = 1;
				KnownAssetTags = (
					New,
				);
				LastSwiftUpdateCheck = 2610;
				LastUpgradeCheck = 2610;
				TargetAttributes = {
					02884EC12F32329900977A00 = {
						CreatedOnToolsVersion = 26.1.1;
						TestTargetID = 02BC11012F2FC3A600CE2E2F;
					};
					02BC11012F2FC3A600CE2E2F = {
						CreatedOnToolsVersion = 26.1.1;
					};
				};
			};
			buildConfigurationList = 02BC10FD2F2FC3A600CE2E2F /* Build configuration list for PBXProject "Cookly" */;
			developmentRegion = en;
			hasScannedForEncodings = 0;
			knownRegions = (
				en,
				Base,
			);
			mainGroup = 02BC10F92F2FC3A600CE2E2F;
			minimizedProjectReferenceProxies = 1;
			preferredProjectObjectVersion = 77;
			productRefGroup = 02BC11032F2FC3A600CE2E2F /* Products */;
			projectDirPath = "";
			projectRoot = "";
			targets = (
				02BC11012F2FC3A600CE2E2F /* Cookly */,
				02884EC12F32329900977A00 /* CooklyTests */,
			);
		};
/* End PBXProject section */

/* Begin PBXResourcesBuildPhase section */
		02884EC02F32329900977A00 /* Resources */ = {
			isa = PBXResourcesBuildPhase;
			buildActionMask = 2147483647;
			files = (
			);
			runOnlyForDeploymentPostprocessing = 0;
		};
		02BC11002F2FC3A600CE2E2F /* Resources */ = {
			isa = PBXResourcesBuildPhase;
			buildActionMask = 2147483647;
			files = (
				0237F0DA2F30D8CB00613B89 /* Assets.xcassets in Resources */,
			);
			runOnlyForDeploymentPostprocessing = 0;
		};
/* End PBXResourcesBuildPhase section */

/* Begin PBXSourcesBuildPhase section */
		02884EBE2F32329900977A00 /* Sources */ = {
			isa = PBXSourcesBuildPhase;
			buildActionMask = 2147483647;
			files = (
			);
			runOnlyForDeploymentPostprocessing = 0;
		};
		02BC10FE2F2FC3A600CE2E2F /* Sources */ = {
			isa = PBXSourcesBuildPhase;
			buildActionMask = 2147483647;
			files = (
				0237F0DB2F30D8CB00613B89 /* APIError.swift in Sources */,
				0298C6712F353AF300442074 /* ExpandableText.swift in Sources */,
				0298C5F82F3512BB00442074 /* APICommomCalls.swift in Sources */,
				0237F0DC2F30D8CB00613B89 /* APIService.swift in Sources */,
				0237F0DD2F30D8CB00613B89 /* HTTPMethod.swift in Sources */,
				0237F1072F310CBF00613B89 /* ErrorView.swift in Sources */,
				02326F472F3904E300AE3028 /* HomepageViewModel.swift in Sources */,
				0237F0DE2F30D8CB00613B89 /* NetworkMonitor.swift in Sources */,
				0237F0DF2F30D8CB00613B89 /* AuthService.swift in Sources */,
				0237F0E02F30D8CB00613B89 /* KeychainService.swift in Sources */,
				0237F0E32F30D8CB00613B89 /* DisconnectedView.swift in Sources */,
				0237F0E42F30D8CB00613B89 /* ContentView.swift in Sources */,
				0237F0E52F30D8CB00613B89 /* CooklyApp.swift in Sources */,
			);
			runOnlyForDeploymentPostprocessing = 0;
		};
/* End PBXSourcesBuildPhase section */

/* Begin PBXTargetDependency section */
		02884EC72F32329900977A00 /* PBXTargetDependency */ = {
			isa = PBXTargetDependency;
			target = 02BC11012F2FC3A600CE2E2F /* Cookly */;
			targetProxy = 02884EC62F32329900977A00 /* PBXContainerItemProxy */;
		};
/* End PBXTargetDependency section */

/* Begin XCBuildConfiguration section */
		02884EC92F32329900977A00 /* Debug */ = {
			isa = XCBuildConfiguration;
			buildSettings = {
				BUNDLE_LOADER = "$(TEST_HOST)";
				CODE_SIGN_STYLE = Automatic;
				CURRENT_PROJECT_VERSION = 1;
				DEVELOPMENT_TEAM = 76J88JC798;
				GENERATE_INFOPLIST_FILE = YES;
				MARKETING_VERSION = 1.0;
				PRODUCT_BUNDLE_IDENTIFIER = MichelFilho.CooklyTests;
				PRODUCT_NAME = "$(TARGET_NAME)";
				STRING_CATALOG_GENERATE_SYMBOLS = NO;
				SWIFT_APPROACHABLE_CONCURRENCY = YES;
				SWIFT_EMIT_LOC_STRINGS = NO;
				SWIFT_UPCOMING_FEATURE_MEMBER_IMPORT_VISIBILITY = YES;
				SWIFT_VERSION = 5.0;
				TARGETED_DEVICE_FAMILY = "1,2";
				TEST_HOST = "$(BUILT_PRODUCTS_DIR)/Cookly.app/$(BUNDLE_EXECUTABLE_FOLDER_PATH)/Cookly";
			};
			name = Debug;
		};
		02884ECA2F32329900977A00 /* Release */ = {
			isa = XCBuildConfiguration;
			buildSettings = {
				BUNDLE_LOADER = "$(TEST_HOST)";
				CODE_SIGN_STYLE = Automatic;
				CURRENT_PROJECT_VERSION = 1;
				DEVELOPMENT_TEAM = 76J88JC798;
				GENERATE_INFOPLIST_FILE = YES;
				MARKETING_VERSION = 1.0;
				PRODUCT_BUNDLE_IDENTIFIER = MichelFilho.CooklyTests;
				PRODUCT_NAME = "$(TARGET_NAME)";
				STRING_CATALOG_GENERATE_SYMBOLS = NO;
				SWIFT_APPROACHABLE_CONCURRENCY = YES;
				SWIFT_EMIT_LOC_STRINGS = NO;
				SWIFT_UPCOMING_FEATURE_MEMBER_IMPORT_VISIBILITY = YES;
				SWIFT_VERSION = 5.0;
				TARGETED_DEVICE_FAMILY = "1,2";
				TEST_HOST = "$(BUILT_PRODUCTS_DIR)/Cookly.app/$(BUNDLE_EXECUTABLE_FOLDER_PATH)/Cookly";
			};
			name = Release;
		};
		02BC11232F2FC3A800CE2E2F /* Debug */ = {
			isa = XCBuildConfiguration;
			buildSettings = {
				ALWAYS_SEARCH_USER_PATHS = NO;
				ASSETCATALOG_COMPILER_GENERATE_SWIFT_ASSET_SYMBOL_EXTENSIONS = YES;
				CLANG_ANALYZER_NONNULL = YES;
				CLANG_ANALYZER_NUMBER_OBJECT_CONVERSION = YES_AGGRESSIVE;
				CLANG_CXX_LANGUAGE_STANDARD = "gnu++20";
				CLANG_ENABLE_MODULES = YES;
				CLANG_ENABLE_OBJC_ARC = YES;
				CLANG_ENABLE_OBJC_WEAK = YES;
				CLANG_WARN_BLOCK_CAPTURE_AUTORELEASING = YES;
				CLANG_WARN_BOOL_CONVERSION = YES;
				CLANG_WARN_COMMA = YES;
				CLANG_WARN_CONSTANT_CONVERSION = YES;
				CLANG_WARN_DEPRECATED_OBJC_IMPLEMENTATIONS = YES;
				CLANG_WARN_DIRECT_OBJC_ISA_USAGE = YES_ERROR;
				CLANG_WARN_DOCUMENTATION_COMMENTS = YES;
				CLANG_WARN_EMPTY_BODY = YES;
				CLANG_WARN_ENUM_CONVERSION = YES;
				CLANG_WARN_INFINITE_RECURSION = YES;
				CLANG_WARN_INT_CONVERSION = YES;
				CLANG_WARN_NON_LITERAL_NULL_CONVERSION = YES;
				CLANG_WARN_OBJC_IMPLICIT_RETAIN_SELF = YES;
				CLANG_WARN_OBJC_LITERAL_CONVERSION = YES;
				CLANG_WARN_OBJC_ROOT_CLASS = YES_ERROR;
				CLANG_WARN_QUOTED_INCLUDE_IN_FRAMEWORK_HEADER = YES;
				CLANG_WARN_RANGE_LOOP_ANALYSIS = YES;
				CLANG_WARN_STRICT_PROTOTYPES = YES;
				CLANG_WARN_SUSPICIOUS_MOVE = YES;
				CLANG_WARN_UNGUARDED_AVAILABILITY = YES_AGGRESSIVE;
				CLANG_WARN_UNREACHABLE_CODE = YES;
				CLANG_WARN__DUPLICATE_METHOD_MATCH = YES;
				COPY_PHASE_STRIP = NO;
				DEBUG_INFORMATION_FORMAT = dwarf;
				DEVELOPMENT_TEAM = 76J88JC798;
				ENABLE_STRICT_OBJC_MSGSEND = YES;
				ENABLE_TESTABILITY = YES;
				ENABLE_USER_SCRIPT_SANDBOXING = YES;
				GCC_C_LANGUAGE_STANDARD = gnu17;
				GCC_DYNAMIC_NO_PIC = NO;
				GCC_NO_COMMON_BLOCKS = YES;
				GCC_OPTIMIZATION_LEVEL = 0;
				GCC_PREPROCESSOR_DEFINITIONS = (
					"DEBUG=1",
					"$(inherited)",
				);
				GCC_WARN_64_TO_32_BIT_CONVERSION = YES;
				GCC_WARN_ABOUT_RETURN_TYPE = YES_ERROR;
				GCC_WARN_UNDECLARED_SELECTOR = YES;
				GCC_WARN_UNINITIALIZED_AUTOS = YES_AGGRESSIVE;
				GCC_WARN_UNUSED_FUNCTION = YES;
				GCC_WARN_UNUSED_VARIABLE = YES;
				IPHONEOS_DEPLOYMENT_TARGET = 26.1;
				LOCALIZATION_PREFERS_STRING_CATALOGS = YES;
				MTL_ENABLE_DEBUG_INFO = INCLUDE_SOURCE;
				MTL_FAST_MATH = YES;
				ONLY_ACTIVE_ARCH = YES;
				SDKROOT = iphoneos;
				SWIFT_ACTIVE_COMPILATION_CONDITIONS = "DEBUG $(inherited)";
				SWIFT_OPTIMIZATION_LEVEL = "-Onone";
			};
			name = Debug;
		};
		02BC11242F2FC3A800CE2E2F /* Release */ = {
			isa = XCBuildConfiguration;
			buildSettings = {
				ALWAYS_SEARCH_USER_PATHS = NO;
				ASSETCATALOG_COMPILER_GENERATE_SWIFT_ASSET_SYMBOL_EXTENSIONS = YES;
				CLANG_ANALYZER_NONNULL = YES;
				CLANG_ANALYZER_NUMBER_OBJECT_CONVERSION = YES_AGGRESSIVE;
				CLANG_CXX_LANGUAGE_STANDARD = "gnu++20";
				CLANG_ENABLE_MODULES = YES;
				CLANG_ENABLE_OBJC_ARC = YES;
				CLANG_ENABLE_OBJC_WEAK = YES;
				CLANG_WARN_BLOCK_CAPTURE_AUTORELEASING = YES;
				CLANG_WARN_BOOL_CONVERSION = YES;
				CLANG_WARN_COMMA = YES;
				CLANG_WARN_CONSTANT_CONVERSION = YES;
				CLANG_WARN_DEPRECATED_OBJC_IMPLEMENTATIONS = YES;
				CLANG_WARN_DIRECT_OBJC_ISA_USAGE = YES_ERROR;
				CLANG_WARN_DOCUMENTATION_COMMENTS = YES;
				CLANG_WARN_EMPTY_BODY = YES;
				CLANG_WARN_ENUM_CONVERSION = YES;
				CLANG_WARN_INFINITE_RECURSION = YES;
				CLANG_WARN_INT_CONVERSION = YES;
				CLANG_WARN_NON_LITERAL_NULL_CONVERSION = YES;
				CLANG_WARN_OBJC_IMPLICIT_RETAIN_SELF = YES;
				CLANG_WARN_OBJC_LITERAL_CONVERSION = YES;
				CLANG_WARN_OBJC_ROOT_CLASS = YES_ERROR;
				CLANG_WARN_QUOTED_INCLUDE_IN_FRAMEWORK_HEADER = YES;
				CLANG_WARN_RANGE_LOOP_ANALYSIS = YES;
				CLANG_WARN_STRICT_PROTOTYPES = YES;
				CLANG_WARN_SUSPICIOUS_MOVE = YES;
				CLANG_WARN_UNGUARDED_AVAILABILITY = YES_AGGRESSIVE;
				CLANG_WARN_UNREACHABLE_CODE = YES;
				CLANG_WARN__DUPLICATE_METHOD_MATCH = YES;
				COPY_PHASE_STRIP = NO;
				DEBUG_INFORMATION_FORMAT = "dwarf-with-dsym";
				DEVELOPMENT_TEAM = 76J88JC798;
				ENABLE_NS_ASSERTIONS = NO;
				ENABLE_STRICT_OBJC_MSGSEND = YES;
				ENABLE_USER_SCRIPT_SANDBOXING = YES;
				GCC_C_LANGUAGE_STANDARD = gnu17;
				GCC_NO_COMMON_BLOCKS = YES;
				GCC_WARN_64_TO_32_BIT_CONVERSION = YES;
				GCC_WARN_ABOUT_RETURN_TYPE = YES_ERROR;
				GCC_WARN_UNDECLARED_SELECTOR = YES;
				GCC_WARN_UNINITIALIZED_AUTOS = YES_AGGRESSIVE;
				GCC_WARN_UNUSED_FUNCTION = YES;
				GCC_WARN_UNUSED_VARIABLE = YES;
				IPHONEOS_DEPLOYMENT_TARGET = 26.1;
				LOCALIZATION_PREFERS_STRING_CATALOGS = YES;
				MTL_ENABLE_DEBUG_INFO = NO;
				MTL_FAST_MATH = YES;
				SDKROOT = iphoneos;
				SWIFT_COMPILATION_MODE = wholemodule;
				VALIDATE_PRODUCT = YES;
			};
			name = Release;
		};
		02BC11262F2FC3A800CE2E2F /* Debug */ = {
			isa = XCBuildConfiguration;
			buildSettings = {
				ASSETCATALOG_COMPILER_APPICON_NAME = AppIcon;
				ASSETCATALOG_COMPILER_GLOBAL_ACCENT_COLOR_NAME = AccentColor;
				CODE_SIGN_STYLE = Automatic;
				CURRENT_PROJECT_VERSION = 1;
				DEVELOPMENT_TEAM = 76J88JC798;
				ENABLE_PREVIEWS = YES;
				GENERATE_INFOPLIST_FILE = YES;
				INFOPLIST_KEY_UIApplicationSceneManifest_Generation = YES;
				INFOPLIST_KEY_UIApplicationSupportsIndirectInputEvents = YES;
				INFOPLIST_KEY_UILaunchScreen_Generation = YES;
				INFOPLIST_KEY_UISupportedInterfaceOrientations_iPad = "UIInterfaceOrientationPortrait UIInterfaceOrientationPortraitUpsideDown UIInterfaceOrientationLandscapeLeft UIInterfaceOrientationLandscapeRight";
				INFOPLIST_KEY_UISupportedInterfaceOrientations_iPhone = "UIInterfaceOrientationPortrait UIInterfaceOrientationLandscapeLeft UIInterfaceOrientationLandscapeRight";
				LD_RUNPATH_SEARCH_PATHS = (
					"$(inherited)",
					"@executable_path/Frameworks",
				);
				MARKETING_VERSION = 1.0;
				PRODUCT_BUNDLE_IDENTIFIER = MichelFilho.Cookly;
				PRODUCT_NAME = "$(TARGET_NAME)";
				STRING_CATALOG_GENERATE_SYMBOLS = YES;
				SWIFT_APPROACHABLE_CONCURRENCY = YES;
				SWIFT_DEFAULT_ACTOR_ISOLATION = MainActor;
				SWIFT_EMIT_LOC_STRINGS = YES;
				SWIFT_UPCOMING_FEATURE_MEMBER_IMPORT_VISIBILITY = YES;
				SWIFT_VERSION = 5.0;
				TARGETED_DEVICE_FAMILY = "1,2";
			};
			name = Debug;
		};
		02BC11272F2FC3A800CE2E2F /* Release */ = {
			isa = XCBuildConfiguration;
			buildSettings = {
				ASSETCATALOG_COMPILER_APPICON_NAME = AppIcon;
				ASSETCATALOG_COMPILER_GLOBAL_ACCENT_COLOR_NAME = AccentColor;
				CODE_SIGN_STYLE = Automatic;
				CURRENT_PROJECT_VERSION = 1;
				DEVELOPMENT_TEAM = 76J88JC798;
				ENABLE_PREVIEWS = YES;
				GENERATE_INFOPLIST_FILE = YES;
				INFOPLIST_KEY_UIApplicationSceneManifest_Generation = YES;
				INFOPLIST_KEY_UIApplicationSupportsIndirectInputEvents = YES;
				INFOPLIST_KEY_UILaunchScreen_Generation = YES;
				INFOPLIST_KEY_UISupportedInterfaceOrientations_iPad = "UIInterfaceOrientationPortrait UIInterfaceOrientationPortraitUpsideDown UIInterfaceOrientationLandscapeLeft UIInterfaceOrientationLandscapeRight";
				INFOPLIST_KEY_UISupportedInterfaceOrientations_iPhone = "UIInterfaceOrientationPortrait UIInterfaceOrientationLandscapeLeft UIInterfaceOrientationLandscapeRight";
				LD_RUNPATH_SEARCH_PATHS = (
					"$(inherited)",
					"@executable_path/Frameworks",
				);
				MARKETING_VERSION = 1.0;
				PRODUCT_BUNDLE_IDENTIFIER = MichelFilho.Cookly;
				PRODUCT_NAME = "$(TARGET_NAME)";
				STRING_CATALOG_GENERATE_SYMBOLS = YES;
				SWIFT_APPROACHABLE_CONCURRENCY = YES;
				SWIFT_DEFAULT_ACTOR_ISOLATION = MainActor;
				SWIFT_EMIT_LOC_STRINGS = YES;
				SWIFT_UPCOMING_FEATURE_MEMBER_IMPORT_VISIBILITY = YES;
				SWIFT_VERSION = 5.0;
				TARGETED_DEVICE_FAMILY = "1,2";
			};
			name = Release;
		};
/* End XCBuildConfiguration section */

/* Begin XCConfigurationList section */
		02884EC82F32329900977A00 /* Build configuration list for PBXNativeTarget "CooklyTests" */ = {
			isa = XCConfigurationList;
			buildConfigurations = (
				02884EC92F32329900977A00 /* Debug */,
				02884ECA2F32329900977A00 /* Release */,
			);
			defaultConfigurationIsVisible = 0;
			defaultConfigurationName = Release;
		};
		02BC10FD2F2FC3A600CE2E2F /* Build configuration list for PBXProject "Cookly" */ = {
			isa = XCConfigurationList;
			buildConfigurations = (
				02BC11232F2FC3A800CE2E2F /* Debug */,
				02BC11242F2FC3A800CE2E2F /* Release */,
			);
			defaultConfigurationIsVisible = 0;
			defaultConfigurationName = Release;
		};
		02BC11252F2FC3A800CE2E2F /* Build configuration list for PBXNativeTarget "Cookly" */ = {
			isa = XCConfigurationList;
			buildConfigurations = (
				02BC11262F2FC3A800CE2E2F /* Debug */,
				02BC11272F2FC3A800CE2E2F /* Release */,
			);
			defaultConfigurationIsVisible = 0;
			defaultConfigurationName = Release;
		};
/* End XCConfigurationList section */
	};
	rootObject = 02BC10FA2F2FC3A600CE2E2F /* Project object */;
}
